
Microsoft Visual Studio Solution File, Format Version 12.00
# Visual Studio Version 16
VisualStudioVersion = 16.0.28714.193
MinimumVisualStudioVersion = 10.0.40219.1
Project("{FAE04EC0-301F-11D3-BF4B-00C04F79EFBC}") = "ReservationSite", "ReservationSite\ReservationSite.csproj", "{5FF5C7DA-B03A-4371-856C-6AFDC46271DB}"
EndProject
Global
	GlobalSection(SolutionConfigurationPlatforms) = preSolution
		Debug|Any CPU = Debug|Any CPU
		Release|Any CPU = Release|Any CPU
	EndGlobalSection
	GlobalSection(ProjectConfigurationPlatforms) = postSolution
		{5FF5C7DA-B03A-4371-856C-6AFDC46271DB}.Debug|Any CPU.ActiveCfg = Debug|Any CPU
		{5FF5C7DA-B03A-4371-856C-6AFDC46271DB}.Debug|Any CPU.Build.0 = Debug|Any CPU
		{5FF5C7DA-B03A-4371-856C-6AFDC46271DB}.Release|Any CPU.ActiveCfg = Release|Any CPU
		{5FF5C7DA-B03A-4371-856C-6AFDC46271DB}.Release|Any CPU.Build.0 = Release|Any CPU
	EndGlobalSection
	GlobalSection(SolutionProperties) = preSolution
		HideSolutionNode = FALSE
	EndGlobalSection
	GlobalSection(ExtensibilityGlobals) = postSolution
		SolutionGuid = {0E56B1E7-0A48-4A2F-A262-B5E5CCCED0FB}
	EndGlobalSection
EndGlobal
